Microsoft Visual Studio Solution File, Format Version 12.00
# Visual Studio 14
VisualStudioVersion = 14.0.25420.1
MinimumVisualStudioVersion = 10.0.40219.1
Project("{FAE04EC0-301F-11D3-BF4B-00C04F79EFBC}") = "Shatilaya", "Shatilaya.csproj", "{A664F477-A7E5-451E-B2B5-6A600DCF748B}"
EndProject
Project("{FAE04EC0-301F-11D3-BF4B-00C04F79EFBC}") = "Shatilaya.Interfaces", "Interfaces\Shatilaya.Interfaces.csproj", "{192B3323-6F8B-4D80-AA1F-330A121E1068}"
EndProject
Project("{FAE04EC0-301F-11D3-BF4B-00C04F79EFBC}") = "Shatilaya.Entities", "Entities\Shatilaya.Entities.csproj", "{25BFD9D2-DAA0-4666-92C0-8CDCF6A1686C}"
EndProject
Project("{FAE04EC0-301F-11D3-BF4B-00C04F79EFBC}") = "Shatilaya.Test", "Test\Shatilaya.Test.csproj", "{1E3CFDFA-3168-4B6B-AD0A-8E21472724FD}"
EndProject
Global
	GlobalSection(SolutionConfigurationPlatforms) = preSolution
		Debug|Any CPU = Debug|Any CPU
		Release|Any CPU = Release|Any CPU
	EndGlobalSection
	GlobalSection(ProjectConfigurationPlatforms) = postSolution
		{A664F477-A7E5-451E-B2B5-6A600DCF748B}.Debug|Any CPU.ActiveCfg = Debug|Any CPU
		{A664F477-A7E5-451E-B2B5-6A600DCF748B}.Debug|Any CPU.Build.0 = Debug|Any CPU
		{A664F477-A7E5-451E-B2B5-6A600DCF748B}.Release|Any CPU.ActiveCfg = Release|Any CPU
		{A664F477-A7E5-451E-B2B5-6A600DCF748B}.Release|Any CPU.Build.0 = Release|Any CPU
		{192B3323-6F8B-4D80-AA1F-330A121E1068}.Debug|Any CPU.ActiveCfg = Debug|Any CPU
		{192B3323-6F8B-4D80-AA1F-330A121E1068}.Debug|Any CPU.Build.0 = Debug|Any CPU
		{192B3323-6F8B-4D80-AA1F-330A121E1068}.Release|Any CPU.ActiveCfg = Release|Any CPU
		{192B3323-6F8B-4D80-AA1F-330A121E1068}.Release|Any CPU.Build.0 = Release|Any CPU
		{25BFD9D2-DAA0-4666-92C0-8CDCF6A1686C}.Debug|Any CPU.ActiveCfg = Debug|Any CPU
		{25BFD9D2-DAA0-4666-92C0-8CDCF6A1686C}.Debug|Any CPU.Build.0 = Debug|Any CPU
		{25BFD9D2-DAA0-4666-92C0-8CDCF6A1686C}.Release|Any CPU.ActiveCfg = Release|Any CPU
		{25BFD9D2-DAA0-4666-92C0-8CDCF6A1686C}.Release|Any CPU.Build.0 = Release|Any CPU
		{1E3CFDFA-3168-4B6B-AD0A-8E21472724FD}.Debug|Any CPU.ActiveCfg = Debug|Any CPU
		{1E3CFDFA-3168-4B6B-AD0A-8E21472724FD}.Debug|Any CPU.Build.0 = Debug|Any CPU
		{1E3CFDFA-3168-4B6B-AD0A-8E21472724FD}.Release|Any CPU.ActiveCfg = Release|Any CPU
		{1E3CFDFA-3168-4B6B-AD0A-8E21472724FD}.Release|Any CPU.Build.0 = Release|Any CPU
	EndGlobalSection
	GlobalSection(SolutionProperties) = preSolution
		HideSolutionNode = FALSE
	EndGlobalSection
EndGlobal
